
Microsoft Visual Studio Solution File, Format Version 12.00
# Visual Studio Version 17
VisualStudioVersion = 17.3.32825.248
MinimumVisualStudioVersion = 10.0.40219.1
Project("{9A19103F-16F7-4668-BE54-9A1E7A4F7556}") = "UDemy_DesignnPattersAndPrinciples_ConsoleApp", "UDemy_DesignnPattersAndPrinciples_ConsoleApp\UDemy_DesignnPattersAndPrinciples_ConsoleApp.csproj", "{2B034741-427C-4412-A0EB-D6DD3E08275A}"
EndProject
Project("{9A19103F-16F7-4668-BE54-9A1E7A4F7556}") = "BuilderDP_UdemyDesignPatterns_ConsoleApp", "BuilderDP_UdemyDesignPatterns_ConsoleApp\BuilderDP_UdemyDesignPatterns_ConsoleApp.csproj", "{CB046058-6857-424A-AA1D-711248D05008}"
EndProject
Project("{9A19103F-16F7-4668-BE54-9A1E7A4F7556}") = "BuilderDP_Homework", "BuilderDP_Homework\BuilderDP_Homework.csproj", "{49340425-CCB5-4883-AA49-3E0844CB77AD}"
EndProject
Project("{9A19103F-16F7-4668-BE54-9A1E7A4F7556}") = "FactrotyDP_UdemyDesigPatters_CosoleApp", "FactrotyDP_UdemyDesigPatters_CosoleApp\FactrotyDP_UdemyDesigPatters_CosoleApp.csproj", "{597C5713-E647-4B92-A2B7-A955686CBC91}"
EndProject
Project("{9A19103F-16F7-4668-BE54-9A1E7A4F7556}") = "FactoryDP_Homework", "FactoryDP_Homework\FactoryDP_Homework.csproj", "{5D5E2FB7-5EEE-4624-BA79-C2263CEFC2B0}"
EndProject
Project("{9A19103F-16F7-4668-BE54-9A1E7A4F7556}") = "TestDP_Methods", "TestDP_Methods\TestDP_Methods.csproj", "{11F62636-DF08-456C-BCD8-263887B9F983}"
EndProject
Project("{9A19103F-16F7-4668-BE54-9A1E7A4F7556}") = "PrototypeDP_UdemyDesignPatterns_ConsoleApp", "PrototypeDP_UdemyDesignPatterns_ConsoleApp\PrototypeDP_UdemyDesignPatterns_ConsoleApp.csproj", "{BB5CB623-391A-4D75-8619-D6F41719ADEA}"
EndProject
Project("{9A19103F-16F7-4668-BE54-9A1E7A4F7556}") = "SingletonDP_UdemyDesignPatterns_ConsoleApp", "SingletonDP_UdemyDesignPatterns_ConsoleApp\SingletonDP_UdemyDesignPatterns_ConsoleApp.csproj", "{EC229FBD-83F9-4CBC-8566-49651ED9D767}"
EndProject
Project("{9A19103F-16F7-4668-BE54-9A1E7A4F7556}") = "AdapterDP_UdemyDesignPatterns_ConsoleApp", "AdapterDP_UdemyDesignPatterns_ConsoleApp\AdapterDP_UdemyDesignPatterns_ConsoleApp.csproj", "{D72A22FC-49D2-4F03-BA06-8D51CCF6D30E}"
EndProject
Project("{9A19103F-16F7-4668-BE54-9A1E7A4F7556}") = "BridgeDP_UdemyDesignPatterns_ConsoleApp", "BridgeDP_UdemyDesignPatterns_ConsoleApp\BridgeDP_UdemyDesignPatterns_ConsoleApp.csproj", "{BDBD7BA9-F54A-478B-B954-FD1641F12126}"
EndProject
Project("{9A19103F-16F7-4668-BE54-9A1E7A4F7556}") = "CompositeDP_UdemyDesignPatterns_ConsoleApp", "CompositeDP_UdemyDesignPatterns_ConsoleApp\CompositeDP_UdemyDesignPatterns_ConsoleApp.csproj", "{FEEE5032-9454-4630-A8EE-5DD908D5291A}"
EndProject
Project("{9A19103F-16F7-4668-BE54-9A1E7A4F7556}") = "DecoratorDP_UdemyDesignPatterns_ConsoleApp", "DecoratorDP_UdemyDesignPatterns_ConsoleApp\DecoratorDP_UdemyDesignPatterns_ConsoleApp.csproj", "{9F5F0AEF-716D-4314-94CA-97A1B1E93502}"
EndProject
Project("{9A19103F-16F7-4668-BE54-9A1E7A4F7556}") = "FacadeDP_UdemyDesignPatterns_ConsoleApp", "FacadeDP_UdemyDesignPatterns_ConsoleApp\FacadeDP_UdemyDesignPatterns_ConsoleApp.csproj", "{A56879E7-4D78-4A73-848D-3004BC5EB829}"
EndProject
Project("{FAE04EC0-301F-11D3-BF4B-00C04F79EFBC}") = "FlyweightDP_UdemyDesignPatterns_ConsoleApp", "FlyweightDP_UdemyDesignPatterns_ConsoleApp\FlyweightDP_UdemyDesignPatterns_ConsoleApp.csproj", "{E23C0CA0-723B-4E3E-B3C7-6F7D807BA7E2}"
EndProject
Global
	GlobalSection(SolutionConfigurationPlatforms) = preSolution
		Debug|Any CPU = Debug|Any CPU
		Release|Any CPU = Release|Any CPU
	EndGlobalSection
	GlobalSection(ProjectConfigurationPlatforms) = postSolution
		{2B034741-427C-4412-A0EB-D6DD3E08275A}.Debug|Any CPU.ActiveCfg = Debug|Any CPU
		{2B034741-427C-4412-A0EB-D6DD3E08275A}.Debug|Any CPU.Build.0 = Debug|Any CPU
		{2B034741-427C-4412-A0EB-D6DD3E08275A}.Release|Any CPU.ActiveCfg = Release|Any CPU
		{2B034741-427C-4412-A0EB-D6DD3E08275A}.Release|Any CPU.Build.0 = Release|Any CPU
		{CB046058-6857-424A-AA1D-711248D05008}.Debug|Any CPU.ActiveCfg = Debug|Any CPU
		{CB046058-6857-424A-AA1D-711248D05008}.Debug|Any CPU.Build.0 = Debug|Any CPU
		{CB046058-6857-424A-AA1D-711248D05008}.Release|Any CPU.ActiveCfg = Release|Any CPU
		{CB046058-6857-424A-AA1D-711248D05008}.Release|Any CPU.Build.0 = Release|Any CPU
		{49340425-CCB5-4883-AA49-3E0844CB77AD}.Debug|Any CPU.ActiveCfg = Debug|Any CPU
		{49340425-CCB5-4883-AA49-3E0844CB77AD}.Debug|Any CPU.Build.0 = Debug|Any CPU
		{49340425-CCB5-4883-AA49-3E0844CB77AD}.Release|Any CPU.ActiveCfg = Release|Any CPU
		{49340425-CCB5-4883-AA49-3E0844CB77AD}.Release|Any CPU.Build.0 = Release|Any CPU
		{597C5713-E647-4B92-A2B7-A955686CBC91}.Debug|Any CPU.ActiveCfg = Debug|Any CPU
		{597C5713-E647-4B92-A2B7-A955686CBC91}.Debug|Any CPU.Build.0 = Debug|Any CPU
		{597C5713-E647-4B92-A2B7-A955686CBC91}.Release|Any CPU.ActiveCfg = Release|Any CPU
		{597C5713-E647-4B92-A2B7-A955686CBC91}.Release|Any CPU.Build.0 = Release|Any CPU
		{5D5E2FB7-5EEE-4624-BA79-C2263CEFC2B0}.Debug|Any CPU.ActiveCfg = Debug|Any CPU
		{5D5E2FB7-5EEE-4624-BA79-C2263CEFC2B0}.Debug|Any CPU.Build.0 = Debug|Any CPU
		{5D5E2FB7-5EEE-4624-BA79-C2263CEFC2B0}.Release|Any CPU.ActiveCfg = Release|Any CPU
		{5D5E2FB7-5EEE-4624-BA79-C2263CEFC2B0}.Release|Any CPU.Build.0 = Release|Any CPU
		{11F62636-DF08-456C-BCD8-263887B9F983}.Debug|Any CPU.ActiveCfg = Debug|Any CPU
		{11F62636-DF08-456C-BCD8-263887B9F983}.Debug|Any CPU.Build.0 = Debug|Any CPU
		{11F62636-DF08-456C-BCD8-263887B9F983}.Release|Any CPU.ActiveCfg = Release|Any CPU
		{11F62636-DF08-456C-BCD8-263887B9F983}.Release|Any CPU.Build.0 = Release|Any CPU
		{BB5CB623-391A-4D75-8619-D6F41719ADEA}.Debug|Any CPU.ActiveCfg = Debug|Any CPU
		{BB5CB623-391A-4D75-8619-D6F41719ADEA}.Debug|Any CPU.Build.0 = Debug|Any CPU
		{BB5CB623-391A-4D75-8619-D6F41719ADEA}.Release|Any CPU.ActiveCfg = Release|Any CPU
		{BB5CB623-391A-4D75-8619-D6F41719ADEA}.Release|Any CPU.Build.0 = Release|Any CPU
		{EC229FBD-83F9-4CBC-8566-49651ED9D767}.Debug|Any CPU.ActiveCfg = Debug|Any CPU
		{EC229FBD-83F9-4CBC-8566-49651ED9D767}.Debug|Any CPU.Build.0 = Debug|Any CPU
		{EC229FBD-83F9-4CBC-8566-49651ED9D767}.Release|Any CPU.ActiveCfg = Release|Any CPU
		{EC229FBD-83F9-4CBC-8566-49651ED9D767}.Release|Any CPU.Build.0 = Release|Any CPU
		{D72A22FC-49D2-4F03-BA06-8D51CCF6D30E}.Debug|Any CPU.ActiveCfg = Debug|Any CPU
		{D72A22FC-49D2-4F03-BA06-8D51CCF6D30E}.Debug|Any CPU.Build.0 = Debug|Any CPU
		{D72A22FC-49D2-4F03-BA06-8D51CCF6D30E}.Release|Any CPU.ActiveCfg = Release|Any CPU
		{D72A22FC-49D2-4F03-BA06-8D51CCF6D30E}.Release|Any CPU.Build.0 = Release|Any CPU
		{BDBD7BA9-F54A-478B-B954-FD1641F12126}.Debug|Any CPU.ActiveCfg = Debug|Any CPU
		{BDBD7BA9-F54A-478B-B954-FD1641F12126}.Debug|Any CPU.Build.0 = Debug|Any CPU
		{BDBD7BA9-F54A-478B-B954-FD1641F12126}.Release|Any CPU.ActiveCfg = Release|Any CPU
		{BDBD7BA9-F54A-478B-B954-FD1641F12126}.Release|Any CPU.Build.0 = Release|Any CPU
		{FEEE5032-9454-4630-A8EE-5DD908D5291A}.Debug|Any CPU.ActiveCfg = Debug|Any CPU
		{FEEE5032-9454-4630-A8EE-5DD908D5291A}.Debug|Any CPU.Build.0 = Debug|Any CPU
		{FEEE5032-9454-4630-A8EE-5DD908D5291A}.Release|Any CPU.ActiveCfg = Release|Any CPU
		{FEEE5032-9454-4630-A8EE-5DD908D5291A}.Release|Any CPU.Build.0 = Release|Any CPU
		{9F5F0AEF-716D-4314-94CA-97A1B1E93502}.Debug|Any CPU.ActiveCfg = Debug|Any CPU
		{9F5F0AEF-716D-4314-94CA-97A1B1E93502}.Debug|Any CPU.Build.0 = Debug|Any CPU
		{9F5F0AEF-716D-4314-94CA-97A1B1E93502}.Release|Any CPU.ActiveCfg = Release|Any CPU
		{9F5F0AEF-716D-4314-94CA-97A1B1E93502}.Release|Any CPU.Build.0 = Release|Any CPU
		{A56879E7-4D78-4A73-848D-3004BC5EB829}.Debug|Any CPU.ActiveCfg = Debug|Any CPU
		{A56879E7-4D78-4A73-848D-3004BC5EB829}.Debug|Any CPU.Build.0 = Debug|Any CPU
		{A56879E7-4D78-4A73-848D-3004BC5EB829}.Release|Any CPU.ActiveCfg = Release|Any CPU
		{A56879E7-4D78-4A73-848D-3004BC5EB829}.Release|Any CPU.Build.0 = Release|Any CPU
		{E23C0CA0-723B-4E3E-B3C7-6F7D807BA7E2}.Debug|Any CPU.ActiveCfg = Debug|Any CPU
		{E23C0CA0-723B-4E3E-B3C7-6F7D807BA7E2}.Debug|Any CPU.Build.0 = Debug|Any CPU
		{E23C0CA0-723B-4E3E-B3C7-6F7D807BA7E2}.Release|Any CPU.ActiveCfg = Release|Any CPU
		{E23C0CA0-723B-4E3E-B3C7-6F7D807BA7E2}.Release|Any CPU.Build.0 = Release|Any CPU
	EndGlobalSection
	GlobalSection(SolutionProperties) = preSolution
		HideSolutionNode = FALSE
	EndGlobalSection
	GlobalSection(ExtensibilityGlobals) = postSolution
		SolutionGuid = {326066EA-5E41-4358-9CEF-90B8F9A081E4}
	EndGlobalSection
EndGlobal
